
Microsoft Visual Studio Solution File, Format Version 12.00
# Visual Studio 15
VisualStudioVersion = 15.0.28307.329
MinimumVisualStudioVersion = 10.0.40219.1
Project("{FAE04EC0-301F-11D3-BF4B-00C04F79EFBC}") = "BuroTimePesonelTakipSistemi", "BuroTimePesonelTakipSistemi\BuroTimePesonelTakipSistemi.csproj", "{89896854-5164-4897-A480-67E3A77A12BA}"
EndProject
Global
	GlobalSection(SolutionConfigurationPlatforms) = preSolution
		Debug|Any CPU = Debug|Any CPU
		Release|Any CPU = Release|Any CPU
	EndGlobalSection
	GlobalSection(ProjectConfigurationPlatforms) = postSolution
		{89896854-5164-4897-A480-67E3A77A12BA}.Debug|Any CPU.ActiveCfg = Debug|Any CPU
		{89896854-5164-4897-A480-67E3A77A12BA}.Debug|Any CPU.Build.0 = Debug|Any CPU
		{89896854-5164-4897-A480-67E3A77A12BA}.Release|Any CPU.ActiveCfg = Release|Any CPU
		{89896854-5164-4897-A480-67E3A77A12BA}.Release|Any CPU.Build.0 = Release|Any CPU
	EndGlobalSection
	GlobalSection(SolutionProperties) = preSolution
		HideSolutionNode = FALSE
	EndGlobalSection
	GlobalSection(ExtensibilityGlobals) = postSolution
		SolutionGuid = {EF56E419-1A52-4FBD-B906-8882059B2F03}
	EndGlobalSection
EndGlobal
